{
  "version": "4",
  "redirects": {
    "https://esm.sh/@noble/curves@^1.0.0/ed25519?target=denonext": "https://esm.sh/@noble/curves@1.9.1/ed25519?target=denonext",
    "https://esm.sh/@noble/curves@^1.0.0/secp256k1?target=denonext": "https://esm.sh/@noble/curves@1.9.1/secp256k1?target=denonext",
    "https://esm.sh/@noble/hashes@^1.3.0/sha256?target=denonext": "https://esm.sh/@noble/hashes@1.8.0/sha256?target=denonext",
    "https://esm.sh/@noble/hashes@^1.3.0/sha3?target=denonext": "https://esm.sh/@noble/hashes@1.8.0/sha3?target=denonext",
    "https://esm.sh/@solana/buffer-layout@^4.0.0?target=denonext": "https://esm.sh/@solana/buffer-layout@4.0.1?target=denonext",
    "https://esm.sh/@supabase/node-fetch@^2.6.14?target=denonext": "https://esm.sh/@supabase/node-fetch@2.6.15?target=denonext",
    "https://esm.sh/@supabase/supabase-js@2": "https://esm.sh/@supabase/supabase-js@2.49.8",
    "https://esm.sh/@types/bindings@~1.5.5/index.d.ts": "https://esm.sh/@types/bindings@1.5.5/index.d.ts",
    "https://esm.sh/@types/bn.js@~5.1.6/index.d.ts": "https://esm.sh/@types/bn.js@5.1.6/index.d.ts",
    "https://esm.sh/@types/bs58@~4.0.4/index.d.ts": "https://esm.sh/@types/bs58@4.0.4/index.d.ts",
    "https://esm.sh/@types/node-fetch@~2.6.12/index.d.ts": "https://esm.sh/@types/node-fetch@2.6.12/index.d.ts",
    "https://esm.sh/@types/text-encoding-utf-8@~1.0.5/index.d.ts": "https://esm.sh/@types/text-encoding-utf-8@1.0.5/index.d.ts",
    "https://esm.sh/@types/uuid@~8.3.4/index.d.mts": "https://esm.sh/@types/uuid@8.3.4/index.d.mts",
    "https://esm.sh/@types/ws@~8.18.1/index.d.mts": "https://esm.sh/@types/ws@8.18.1/index.d.mts",
    "https://esm.sh/@types/ws@~8.5.13/index.d.mts": "https://esm.sh/@types/ws@8.5.14/index.d.mts",
    "https://esm.sh/base-x@^3.0.2?target=denonext": "https://esm.sh/base-x@3.0.11?target=denonext",
    "https://esm.sh/bigint-buffer@^1.1.5?target=denonext": "https://esm.sh/bigint-buffer@1.1.5?target=denonext",
    "https://esm.sh/bindings@^1.3.0?target=denonext": "https://esm.sh/bindings@1.5.0?target=denonext",
    "https://esm.sh/bn.js@^5.0.0?target=denonext": "https://esm.sh/bn.js@5.2.2?target=denonext",
    "https://esm.sh/bn.js@^5.2.0?target=denonext": "https://esm.sh/bn.js@5.2.2?target=denonext",
    "https://esm.sh/borsh@^0.7.0?target=denonext": "https://esm.sh/borsh@0.7.0?target=denonext",
    "https://esm.sh/bs58@^4.0.0?target=denonext": "https://esm.sh/bs58@4.0.1?target=denonext",
    "https://esm.sh/bs58@^4.0.1?target=denonext": "https://esm.sh/bs58@4.0.1?target=denonext",
    "https://esm.sh/bufferutil@^4.0.1?target=denonext": "https://esm.sh/bufferutil@4.0.9?target=denonext",
    "https://esm.sh/eventemitter3@^4.0.7?target=denonext": "https://esm.sh/eventemitter3@4.0.7?target=denonext",
    "https://esm.sh/jayson@^4.1.0/lib/client/browser?target=denonext": "https://esm.sh/jayson@4.2.0/lib/client/browser?target=denonext",
    "https://esm.sh/node-gyp-build@^4.3.0?target=denonext": "https://esm.sh/node-gyp-build@4.8.4?target=denonext",
    "https://esm.sh/rpc-websockets@^7.5.1/dist/lib/client/websocket?target=denonext": "https://esm.sh/rpc-websockets@7.11.2/dist/lib/client/websocket?target=denonext",
    "https://esm.sh/rpc-websockets@^7.5.1/dist/lib/client?target=denonext": "https://esm.sh/rpc-websockets@7.11.2/dist/lib/client?target=denonext",
    "https://esm.sh/safe-buffer@^5.0.1?target=denonext": "https://esm.sh/safe-buffer@5.2.1?target=denonext",
    "https://esm.sh/superstruct@^0.14.2?target=denonext": "https://esm.sh/superstruct@0.14.2?target=denonext",
    "https://esm.sh/text-encoding-utf-8@^1.0.2?target=denonext": "https://esm.sh/text-encoding-utf-8@1.0.2?target=denonext",
    "https://esm.sh/tr46@~0.0.3?target=denonext": "https://esm.sh/tr46@0.0.3?target=denonext",
    "https://esm.sh/utf-8-validate@%3E=5.0.2?target=denonext": "https://esm.sh/utf-8-validate@6.0.5?target=denonext",
    "https://esm.sh/uuid@^8.3.2?target=denonext": "https://esm.sh/uuid@8.3.2?target=denonext",
    "https://esm.sh/webidl-conversions@^3.0.0?target=denonext": "https://esm.sh/webidl-conversions@3.0.1?target=denonext",
    "https://esm.sh/whatwg-url@^5.0.0?target=denonext": "https://esm.sh/whatwg-url@5.0.0?target=denonext",
    "https://esm.sh/ws@^8.18.0?target=denonext": "https://esm.sh/ws@8.18.2?target=denonext",
    "https://esm.sh/ws@^8.5.0?target=denonext": "https://esm.sh/ws@8.18.2?target=denonext"
  },
  "remote": {
    "https://deno.land/std@0.168.0/async/abortable.ts": "80b2ac399f142cc528f95a037a7d0e653296352d95c681e284533765961de409",
    "https://deno.land/std@0.168.0/async/deadline.ts": "2c2deb53c7c28ca1dda7a3ad81e70508b1ebc25db52559de6b8636c9278fd41f",
    "https://deno.land/std@0.168.0/async/debounce.ts": "60301ffb37e730cd2d6f9dadfd0ecb2a38857681bd7aaf6b0a106b06e5210a98",
    "https://deno.land/std@0.168.0/async/deferred.ts": "77d3f84255c3627f1cc88699d8472b664d7635990d5358c4351623e098e917d6",
    "https://deno.land/std@0.168.0/async/delay.ts": "5a9bfba8de38840308a7a33786a0155a7f6c1f7a859558ddcec5fe06e16daf57",
    "https://deno.land/std@0.168.0/async/mod.ts": "7809ad4bb223e40f5fdc043e5c7ca04e0e25eed35c32c3c32e28697c553fa6d9",
    "https://deno.land/std@0.168.0/async/mux_async_iterator.ts": "770a0ff26c59f8bbbda6b703a2235f04e379f73238e8d66a087edc68c2a2c35f",
    "https://deno.land/std@0.168.0/async/pool.ts": "6854d8cd675a74c73391c82005cbbe4cc58183bddcd1fbbd7c2bcda42b61cf69",
    "https://deno.land/std@0.168.0/async/retry.ts": "e8e5173623915bbc0ddc537698fa418cf875456c347eda1ed453528645b42e67",
    "https://deno.land/std@0.168.0/async/tee.ts": "3a47cc4e9a940904fd4341f0224907e199121c80b831faa5ec2b054c6d2eff5e",
    "https://deno.land/std@0.168.0/http/server.ts": "e99c1bee8a3f6571ee4cdeb2966efad465b8f6fe62bec1bdb59c1f007cc4d155",
    "https://esm.sh/@noble/curves@1.9.1/denonext/_shortw_utils.mjs": "060f0480984587df9657bd017854e117c2f176d4d7fa39d07cec44d3ecd9533f",
    "https://esm.sh/@noble/curves@1.9.1/denonext/abstract/curve.mjs": "8cec2a2345600c404d7caae64e41ea42cbfe2c794c57d90a98968a785bdedb0a",
    "https://esm.sh/@noble/curves@1.9.1/denonext/abstract/edwards.mjs": "6a840082b7cbea009de011cecbefb4320d5cdc36f1e476e43f3ec28ca8b5ce46",
    "https://esm.sh/@noble/curves@1.9.1/denonext/abstract/hash-to-curve.mjs": "4ec47791ad5f2d0ba5aee7b9a33384f8af31b61ff66fc27a5c08866a117bd808",
    "https://esm.sh/@noble/curves@1.9.1/denonext/abstract/modular.mjs": "002cc19d3ce8de9d67c36c835b54af8795477db7df58e609a374f5f63a1a1699",
    "https://esm.sh/@noble/curves@1.9.1/denonext/abstract/montgomery.mjs": "380b60ba16b97f0d3bc30f36a4d6f77b80f080a7e1afeca79080ba04e7b05901",
    "https://esm.sh/@noble/curves@1.9.1/denonext/abstract/utils.mjs": "ede1f3f703410db8acc78c8430221128fab491f05350db306729c332dc894744",
    "https://esm.sh/@noble/curves@1.9.1/denonext/abstract/weierstrass.mjs": "450474106841a3a02f24e25130173591940892ba2a134950536e01ca4c101116",
    "https://esm.sh/@noble/curves@1.9.1/denonext/ed25519.mjs": "19f4f7ad76e059c0c72cc1b607a4ead4e59434c140bcba222cc2d004b359559e",
    "https://esm.sh/@noble/curves@1.9.1/denonext/secp256k1.mjs": "39c1da57bc171d72d9cdcee8f05dcff3decf0722f079edb3a53d2f0c7918085b",
    "https://esm.sh/@noble/curves@1.9.1/ed25519?target=denonext": "c6a5907d87d1e5873329298e8d7da7137b513b95f83c4dc82e453501d2e29d61",
    "https://esm.sh/@noble/curves@1.9.1/secp256k1?target=denonext": "c57811a10fb3cef256785d11d88cb05e9d8e80b68e3b423a0aff802183c666ee",
    "https://esm.sh/@noble/hashes@1.8.0/denonext/_md.mjs": "e30debbd8e964d8bd4ae9c807c75601e3ef7ec73eaed005f703709f64a4b2257",
    "https://esm.sh/@noble/hashes@1.8.0/denonext/crypto.mjs": "cabc4468470c6f6d15891c4a6037aebed19289e1a12eb9905c5579c26767a721",
    "https://esm.sh/@noble/hashes@1.8.0/denonext/hmac.mjs": "f6e5f679509f87084ebfc0e0334a8ce28788cf94868a61807420618dfc392325",
    "https://esm.sh/@noble/hashes@1.8.0/denonext/sha2.mjs": "1bf8c30d97f7fe1546e2fed6777a0da85e78d6e961eeae0e0b4437dabf016b7a",
    "https://esm.sh/@noble/hashes@1.8.0/denonext/sha256.mjs": "43f16ee7a29cabde4a66d24226da441240f587dc34c568661a1b3f392fda177a",
    "https://esm.sh/@noble/hashes@1.8.0/denonext/sha3.mjs": "026506a4a95d1c7d8088c285de5723914e70e9d1fdda4bc7749108b9278d368c",
    "https://esm.sh/@noble/hashes@1.8.0/denonext/utils.mjs": "18b15a49e98c9e136e4bfcdce69b9461630b7dc3389ba932f535ad4a47221b08",
    "https://esm.sh/@noble/hashes@1.8.0/sha256?target=denonext": "1804d21efec0beea92617d60ab84cd45d16d58bc709830df4da1be95a8fc69fc",
    "https://esm.sh/@noble/hashes@1.8.0/sha3?target=denonext": "a4c07bd12121b1b3ecc9fd54e2edd26cdf266093b85b29af199c014a7374ba15",
    "https://esm.sh/@solana/buffer-layout@4.0.1/denonext/buffer-layout.mjs": "7bf947e1b39e522c90935217df53c474a761c98025d7d123a99acfa19cefd74d",
    "https://esm.sh/@solana/buffer-layout@4.0.1?target=denonext": "b6949f6f6de76fca1542653f57c9c417f7c16d4141ed40463baf4c4bd01a1f2f",
    "https://esm.sh/@solana/web3.js@1.78.0": "84893fdde06bde5735a09c49a134e0fffa97918ee1bcc53ce5c4455c6ff35379",
    "https://esm.sh/@solana/web3.js@1.78.0/denonext/web3.mjs": "547ada1ccf7050bf8664d4638ac1f6124ff87791f78d33e94365367494d0180b",
    "https://esm.sh/@supabase/auth-js@2.69.1/denonext/auth-js.mjs": "fb31c3925437753f5a8a90fc57ea24dc5b68b2b295e696123b1b6a635b7b3ada",
    "https://esm.sh/@supabase/functions-js@2.4.4/denonext/functions-js.mjs": "7adeb257410ef3c4a8a1eb9b4ff416c0075d1c32860ca04913c8a9dace1de6a6",
    "https://esm.sh/@supabase/node-fetch@2.6.15/denonext/node-fetch.mjs": "0bae9052231f4f6dbccc7234d05ea96923dbf967be12f402764580b6bf9f713d",
    "https://esm.sh/@supabase/node-fetch@2.6.15?target=denonext": "4d28c4ad97328403184353f68434f2b6973971507919e9150297413664919cf3",
    "https://esm.sh/@supabase/postgrest-js@1.19.4/denonext/postgrest-js.mjs": "2073b5552ba10c7a8302bffffae771e3aede1daf833382355dae239fb0ab2576",
    "https://esm.sh/@supabase/realtime-js@2.11.2/denonext/realtime-js.mjs": "c33ac375b6be89c893f9df844d2525a4ace015a35aa6ba236270d00c6605c7ba",
    "https://esm.sh/@supabase/storage-js@2.7.1/denonext/storage-js.mjs": "73ac8cdc95cfcd794fe603dbd7ce06d539ab51538ae6467eabe0f9cc26c993aa",
    "https://esm.sh/@supabase/supabase-js@2.49.8": "fd72c6e822ed41d5fe7ad3bbe3a48420abbb21a579c73d532b36a6467f5b5f7d",
    "https://esm.sh/@supabase/supabase-js@2.49.8/denonext/supabase-js.mjs": "092ddc9030b46128e54ae6716a2356048015cdb98dc28eb26e60fa315a5d7a2a",
    "https://esm.sh/base-x@3.0.11/denonext/base-x.mjs": "02c3f56caa78d7e71f593ecf0b582950da811af6d4c0c1d89df8d368803a852c",
    "https://esm.sh/base-x@3.0.11?target=denonext": "36b1b75fdccb9b4c7aafc830c2b9b3f3384caaa37e5a5474d396a73d96bf0074",
    "https://esm.sh/bigint-buffer@1.1.5/denonext/bigint-buffer.mjs": "8baa6c66b8098ce3e175734bc76dc8ead14f5e9ac1d9137a85c632aa85c40cb3",
    "https://esm.sh/bigint-buffer@1.1.5?target=denonext": "b501374a0ca8e4f8e604b27a8d891c8a5a4972fc0d2966dbff80219c3106f6d5",
    "https://esm.sh/bindings@1.5.0/denonext/bindings.mjs": "e4cf60819f9cfbd005ba93a34174320c018173b505a1bcaf5431483b405b5558",
    "https://esm.sh/bindings@1.5.0?target=denonext": "9cff5cf649c297562fb16520ccdb9bcdb158a744112f187d41cdf5e7a1d92985",
    "https://esm.sh/bn.js@5.2.2/denonext/bn.mjs": "6b4e5cc0991eedd1a2ff3d7057c36c1115a201b71e2de306c5fac9237619da3c",
    "https://esm.sh/bn.js@5.2.2?target=denonext": "80bc9e218474408c35cc7811b4fde7b8a207ab686b7a26a222004addcb62ad5c",
    "https://esm.sh/borsh@0.7.0/denonext/borsh.mjs": "49d1f3da8c5d6cefd4406e82a0ff90090b5da15a1a8cd4ec3e436aa2a0e3ef51",
    "https://esm.sh/borsh@0.7.0?target=denonext": "725edf1629cf95eef06dba32a351f12d63ee4dee147c47952f6d9c85e7cf0348",
    "https://esm.sh/bs58@4.0.1/denonext/bs58.mjs": "af340510fb29b2992660e910fec8b7b6fbf99f87bef867978a6734410a2b484e",
    "https://esm.sh/bs58@4.0.1?target=denonext": "741a1ee4b5b5b1b6db8f5223a290a39bb8130033179165efd19ef9f74b648e85",
    "https://esm.sh/bufferutil@4.0.9/denonext/bufferutil.mjs": "13dca4d5bb2c68cbe119f880fa3bd785b9a81a8e02e0834dae604b4b85295cd8",
    "https://esm.sh/bufferutil@4.0.9?target=denonext": "e32574569ab438facfcc3f412c659b0719bbf05477136ca176938c9a3ac45125",
    "https://esm.sh/eventemitter3@4.0.7/denonext/eventemitter3.mjs": "d26d8683d890f259d39cc334512a888d3079917477d7eb10c3cd3775831cdcc3",
    "https://esm.sh/eventemitter3@4.0.7?target=denonext": "84748b6b17ebdb58719651ec0b5e6f84e5923d97f43231c5835d74be6ce050f1",
    "https://esm.sh/file-uri-to-path@1.0.0/denonext/file-uri-to-path.mjs": "597a05ad6580b13ea58bdbc547ad2a47bd9cc5ba8ae9935dbfd270f84d97f286",
    "https://esm.sh/jayson@4.2.0/denonext/lib/client/browser.mjs": "d419e1b6be95ead3b55c246f9a6ba37617b8000d54628d69f01fb360cf7a2a4b",
    "https://esm.sh/jayson@4.2.0/lib/client/browser?target=denonext": "d26694b223ac495e036be27e6f84f5a40847a6e6b4a80c4986fbd35769c8659b",
    "https://esm.sh/node-gyp-build@4.8.4/denonext/node-gyp-build.mjs": "9a86f2d044fc77bd60aaa3d697c2ba1b818da5fb1b9aaeedec59a40b8e908803",
    "https://esm.sh/node-gyp-build@4.8.4?target=denonext": "261a6cedf1fdbf159798141ba1e2311ac1510682c5c8b55dacc8cf5fdee4aa06",
    "https://esm.sh/rpc-websockets@7.11.2/denonext/dist/lib/client.mjs": "bc224857412a2b68e2ff2d920ed780c399d5b67a4e429ca2f850247c28fcaaab",
    "https://esm.sh/rpc-websockets@7.11.2/denonext/dist/lib/client/websocket.mjs": "b7bd3df65e58e8bc275ac253259dccbe7efeb901b81ec02fd6b8cfef2a39b99b",
    "https://esm.sh/rpc-websockets@7.11.2/dist/lib/client/websocket?target=denonext": "cf814ed83f27e22208f96bb92a6be68dd6589d7f107829c70beda233b47569f4",
    "https://esm.sh/rpc-websockets@7.11.2/dist/lib/client?target=denonext": "be2e866e40c78bfec6eb601be038369907f3685384766cefc7cfc3f9d11ae6e3",
    "https://esm.sh/safe-buffer@5.2.1/denonext/safe-buffer.mjs": "51b088d69d0bbf6d7ce4179853887e105715df40e432a3bff0e9575cc2285276",
    "https://esm.sh/safe-buffer@5.2.1?target=denonext": "34028b9647c849fa96dfd3d9f217a3adca8b43b13409820ac3f43fb15eba3e20",
    "https://esm.sh/superstruct@0.14.2/denonext/superstruct.mjs": "2395337dd050b1f6a5b543b813e3142a01a3bb27df37a1cc441943fd12062fba",
    "https://esm.sh/superstruct@0.14.2?target=denonext": "c2942bbcd7d62b58b0ba29bc077376d9fc8446ef3b408e087b775f4f6065a8b7",
    "https://esm.sh/text-encoding-utf-8@1.0.2/denonext/text-encoding-utf-8.mjs": "ca69a616ba87cf16a282346dfe71b4cad31d8c6aeea1b59a84830ad3315b0a81",
    "https://esm.sh/text-encoding-utf-8@1.0.2?target=denonext": "cdfa4b5885394a850a34a7d57de25f4e906f31aff39ce4ef54af0ac88ea7e193",
    "https://esm.sh/tr46@0.0.3/denonext/tr46.mjs": "5753ec0a99414f4055f0c1f97691100f13d88e48a8443b00aebb90a512785fa2",
    "https://esm.sh/tr46@0.0.3?target=denonext": "19cb9be0f0d418a0c3abb81f2df31f080e9540a04e43b0f699bce1149cba0cbb",
    "https://esm.sh/utf-8-validate@6.0.5/denonext/utf-8-validate.mjs": "66b8ea532a0c745068f5b96ddb1bae332c3036703243541d2e89e66331974d98",
    "https://esm.sh/utf-8-validate@6.0.5?target=denonext": "071bc33ba1a58297e23a34d69dd589fd06df04b0f373b382ff5da544a623f271",
    "https://esm.sh/uuid@8.3.2/denonext/uuid.mjs": "2a1f6d8cc7d16ed60b7e6aabcf79e0077244ffbd66b47c994041b15b13062cd3",
    "https://esm.sh/uuid@8.3.2?target=denonext": "b3f95c83a700f64bb21c0b138f56a4c28c338078a9ac8d7258b17c699caed85d",
    "https://esm.sh/webidl-conversions@3.0.1/denonext/webidl-conversions.mjs": "54b5c2d50a294853c4ccebf9d5ed8988c94f4e24e463d84ec859a866ea5fafec",
    "https://esm.sh/webidl-conversions@3.0.1?target=denonext": "4e20318d50528084616c79d7b3f6e7f0fe7b6d09013bd01b3974d7448d767e29",
    "https://esm.sh/whatwg-url@5.0.0/denonext/whatwg-url.mjs": "29b16d74ee72624c915745bbd25b617cfd2248c6af0f5120d131e232a9a9af79",
    "https://esm.sh/whatwg-url@5.0.0?target=denonext": "f001a2cadf81312d214ca330033f474e74d81a003e21e8c5d70a1f46dc97b02d",
    "https://esm.sh/ws@8.18.2/denonext/ws.mjs": "b9211ecb1511b09f418c1330920c66800b66710b2cd2997b64b7e0525bd895d2",
    "https://esm.sh/ws@8.18.2?target=denonext": "2ee7b1bb11543dda3e7e1c685ad8599b6f18aea785302374c3def5da468a1e51"
  },
  "workspace": {
    "packageJson": {
      "dependencies": [
        "npm:@heroicons/react@^2.2.0",
        "npm:@solana/wallet-adapter-backpack@~0.1.14",
        "npm:@solana/wallet-adapter-base@~0.9.26",
        "npm:@solana/wallet-adapter-react-ui@~0.9.38",
        "npm:@solana/wallet-adapter-react@~0.15.38",
        "npm:@solana/wallet-adapter-wallets@~0.19.36",
        "npm:@solana/web3.js@^1.98.2",
        "npm:@supabase/supabase-js@^2.49.4",
        "npm:@types/react-dom@^18.2.7",
        "npm:@types/react@^18.2.15",
        "npm:@vitejs/plugin-react@^4.0.3",
        "npm:autoprefixer@^10.4.16",
        "npm:date-fns@^4.1.0",
        "npm:dotenv@^16.5.0",
        "npm:framer-motion@^10.18.0",
        "npm:gsap@^3.12.7",
        "npm:html2canvas@^1.4.1",
        "npm:i18next-browser-languagedetector@^8.0.5",
        "npm:i18next-http-backend@^3.0.2",
        "npm:i18next@^25.0.1",
        "npm:jspdf-autotable@^5.0.2",
        "npm:jspdf@^3.0.1",
        "npm:postcss@^8.4.31",
        "npm:prop-types@^15.8.1",
        "npm:react-dom@^18.2.0",
        "npm:react-hot-toast@^2.5.2",
        "npm:react-i18next@^15.5.1",
        "npm:react-router-dom@^7.5.2",
        "npm:react-to-pdf@2",
        "npm:react@^18.2.0",
        "npm:tailwindcss@^3.3.3",
        "npm:three@0.176",
        "npm:vite@^4.4.5"
      ]
    }
  }
}
